
Microsoft Visual Studio Solution File, Format Version 12.00
# Visual Studio Version 17
VisualStudioVersion = 17.4.33110.190
MinimumVisualStudioVersion = 10.0.40219.1
Project("{2150E333-8FDC-42A3-9474-1A3956D46DE8}") = "1 - Presentation", "1 - Presentation", "{213374C7-A203-4F0C-B19F-9FF9FEBE2088}"
EndProject
Project("{2150E333-8FDC-42A3-9474-1A3956D46DE8}") = "2 - Application", "2 - Application", "{50EA6E57-90B4-482A-B52B-4E8A068E807C}"
EndProject
Project("{2150E333-8FDC-42A3-9474-1A3956D46DE8}") = "3 - Domain", "3 - Domain", "{CB747323-D2CA-4F92-AE50-220EE51244F5}"
EndProject
Project("{2150E333-8FDC-42A3-9474-1A3956D46DE8}") = "4 - Database", "4 - Database", "{8795335B-F657-4563-8ACC-42E5D4913ED9}"
EndProject
Project("{2150E333-8FDC-42A3-9474-1A3956D46DE8}") = "5 - CrossCutting", "5 - CrossCutting", "{BE556146-DE9E-466B-9D3C-81EB06E71831}"
EndProject
Project("{2150E333-8FDC-42A3-9474-1A3956D46DE8}") = "6 - Tests", "6 - Tests", "{54275AC0-8D42-4736-AF38-245413E64281}"
EndProject
Project("{9A19103F-16F7-4668-BE54-9A1E7A4F7556}") = "KingMarvel.API", "src\KingMarvel.API\KingMarvel.API.csproj", "{36A8F006-2F1B-413B-9CCE-016F46DBE90A}"
EndProject
Project("{9A19103F-16F7-4668-BE54-9A1E7A4F7556}") = "KingMarvel.Application", "src\KingMarvel.Application\KingMarvel.Application.csproj", "{FFBE530E-BF1C-4049-8645-43DC3190CF56}"
EndProject
Project("{9A19103F-16F7-4668-BE54-9A1E7A4F7556}") = "KingMarvel.Domain", "src\KingMarvel.Domain\KingMarvel.Domain.csproj", "{073EF40F-C4E9-4E85-B990-60AEEFF66D3E}"
EndProject
Project("{9A19103F-16F7-4668-BE54-9A1E7A4F7556}") = "KingMarvel.Database", "src\KingMarvel.Database\KingMarvel.Database.csproj", "{71B9775F-1481-4AD9-BBCF-89BE508FB8E9}"
EndProject
Project("{9A19103F-16F7-4668-BE54-9A1E7A4F7556}") = "KingMarvel.CrossCutting.IoC", "src\KingMarvel.CrossCutting.IoC\KingMarvel.CrossCutting.IoC.csproj", "{DC4AB0DA-15C4-418D-B3AF-32F104EC3435}"
EndProject
Project("{9A19103F-16F7-4668-BE54-9A1E7A4F7556}") = "KingMarvel.CrossCutting.Http", "src\KingMarvel.CrossCutting.Http\KingMarvel.CrossCutting.Http.csproj", "{02E3F300-41DB-4B07-BEFA-5907624A47CD}"
EndProject
Project("{FAE04EC0-301F-11D3-BF4B-00C04F79EFBC}") = "KingMarvel.IntegrationTests", "tests\KingMarvel.IntegrationTests\KingMarvel.IntegrationTests.csproj", "{C5EBEF22-1B6A-4891-9788-4B0B1C0D2D11}"
EndProject
Global
	GlobalSection(SolutionConfigurationPlatforms) = preSolution
		Debug|Any CPU = Debug|Any CPU
		Release|Any CPU = Release|Any CPU
	EndGlobalSection
	GlobalSection(ProjectConfigurationPlatforms) = postSolution
		{36A8F006-2F1B-413B-9CCE-016F46DBE90A}.Debug|Any CPU.ActiveCfg = Debug|Any CPU
		{36A8F006-2F1B-413B-9CCE-016F46DBE90A}.Debug|Any CPU.Build.0 = Debug|Any CPU
		{36A8F006-2F1B-413B-9CCE-016F46DBE90A}.Release|Any CPU.ActiveCfg = Release|Any CPU
		{36A8F006-2F1B-413B-9CCE-016F46DBE90A}.Release|Any CPU.Build.0 = Release|Any CPU
		{FFBE530E-BF1C-4049-8645-43DC3190CF56}.Debug|Any CPU.ActiveCfg = Debug|Any CPU
		{FFBE530E-BF1C-4049-8645-43DC3190CF56}.Debug|Any CPU.Build.0 = Debug|Any CPU
		{FFBE530E-BF1C-4049-8645-43DC3190CF56}.Release|Any CPU.ActiveCfg = Release|Any CPU
		{FFBE530E-BF1C-4049-8645-43DC3190CF56}.Release|Any CPU.Build.0 = Release|Any CPU
		{073EF40F-C4E9-4E85-B990-60AEEFF66D3E}.Debug|Any CPU.ActiveCfg = Debug|Any CPU
		{073EF40F-C4E9-4E85-B990-60AEEFF66D3E}.Debug|Any CPU.Build.0 = Debug|Any CPU
		{073EF40F-C4E9-4E85-B990-60AEEFF66D3E}.Release|Any CPU.ActiveCfg = Release|Any CPU
		{073EF40F-C4E9-4E85-B990-60AEEFF66D3E}.Release|Any CPU.Build.0 = Release|Any CPU
		{71B9775F-1481-4AD9-BBCF-89BE508FB8E9}.Debug|Any CPU.ActiveCfg = Debug|Any CPU
		{71B9775F-1481-4AD9-BBCF-89BE508FB8E9}.Debug|Any CPU.Build.0 = Debug|Any CPU
		{71B9775F-1481-4AD9-BBCF-89BE508FB8E9}.Release|Any CPU.ActiveCfg = Release|Any CPU
		{71B9775F-1481-4AD9-BBCF-89BE508FB8E9}.Release|Any CPU.Build.0 = Release|Any CPU
		{DC4AB0DA-15C4-418D-B3AF-32F104EC3435}.Debug|Any CPU.ActiveCfg = Debug|Any CPU
		{DC4AB0DA-15C4-418D-B3AF-32F104EC3435}.Debug|Any CPU.Build.0 = Debug|Any CPU
		{DC4AB0DA-15C4-418D-B3AF-32F104EC3435}.Release|Any CPU.ActiveCfg = Release|Any CPU
		{DC4AB0DA-15C4-418D-B3AF-32F104EC3435}.Release|Any CPU.Build.0 = Release|Any CPU
		{02E3F300-41DB-4B07-BEFA-5907624A47CD}.Debug|Any CPU.ActiveCfg = Debug|Any CPU
		{02E3F300-41DB-4B07-BEFA-5907624A47CD}.Debug|Any CPU.Build.0 = Debug|Any CPU
		{02E3F300-41DB-4B07-BEFA-5907624A47CD}.Release|Any CPU.ActiveCfg = Release|Any CPU
		{02E3F300-41DB-4B07-BEFA-5907624A47CD}.Release|Any CPU.Build.0 = Release|Any CPU
		{C5EBEF22-1B6A-4891-9788-4B0B1C0D2D11}.Debug|Any CPU.ActiveCfg = Debug|Any CPU
		{C5EBEF22-1B6A-4891-9788-4B0B1C0D2D11}.Debug|Any CPU.Build.0 = Debug|Any CPU
		{C5EBEF22-1B6A-4891-9788-4B0B1C0D2D11}.Release|Any CPU.ActiveCfg = Release|Any CPU
		{C5EBEF22-1B6A-4891-9788-4B0B1C0D2D11}.Release|Any CPU.Build.0 = Release|Any CPU
	EndGlobalSection
	GlobalSection(SolutionProperties) = preSolution
		HideSolutionNode = FALSE
	EndGlobalSection
	GlobalSection(NestedProjects) = preSolution
		{36A8F006-2F1B-413B-9CCE-016F46DBE90A} = {213374C7-A203-4F0C-B19F-9FF9FEBE2088}
		{FFBE530E-BF1C-4049-8645-43DC3190CF56} = {50EA6E57-90B4-482A-B52B-4E8A068E807C}
		{073EF40F-C4E9-4E85-B990-60AEEFF66D3E} = {CB747323-D2CA-4F92-AE50-220EE51244F5}
		{71B9775F-1481-4AD9-BBCF-89BE508FB8E9} = {8795335B-F657-4563-8ACC-42E5D4913ED9}
		{DC4AB0DA-15C4-418D-B3AF-32F104EC3435} = {BE556146-DE9E-466B-9D3C-81EB06E71831}
		{02E3F300-41DB-4B07-BEFA-5907624A47CD} = {BE556146-DE9E-466B-9D3C-81EB06E71831}
		{C5EBEF22-1B6A-4891-9788-4B0B1C0D2D11} = {54275AC0-8D42-4736-AF38-245413E64281}
	EndGlobalSection
	GlobalSection(ExtensibilityGlobals) = postSolution
		SolutionGuid = {79C28F1D-8E25-4762-B744-9358F8C27D37}
	EndGlobalSection
EndGlobal
